
Microsoft Visual Studio Solution File, Format Version 12.00
# Visual Studio Version 16
VisualStudioVersion = 16.0.30204.135
MinimumVisualStudioVersion = 10.0.40219.1
Project("{FAE04EC0-301F-11D3-BF4B-00C04F79EFBC}") = "SalesWebMvc1", "SalesWebMvc1\SalesWebMvc1.csproj", "{2BAA552E-47E0-4EA0-BB95-A8FD4622D228}"
EndProject
Global
	GlobalSection(SolutionConfigurationPlatforms) = preSolution
		Debug|Any CPU = Debug|Any CPU
		Release|Any CPU = Release|Any CPU
	EndGlobalSection
	GlobalSection(ProjectConfigurationPlatforms) = postSolution
		{2BAA552E-47E0-4EA0-BB95-A8FD4622D228}.Debug|Any CPU.ActiveCfg = Debug|Any CPU
		{2BAA552E-47E0-4EA0-BB95-A8FD4622D228}.Debug|Any CPU.Build.0 = Debug|Any CPU
		{2BAA552E-47E0-4EA0-BB95-A8FD4622D228}.Release|Any CPU.ActiveCfg = Release|Any CPU
		{2BAA552E-47E0-4EA0-BB95-A8FD4622D228}.Release|Any CPU.Build.0 = Release|Any CPU
	EndGlobalSection
	GlobalSection(SolutionProperties) = preSolution
		HideSolutionNode = FALSE
	EndGlobalSection
	GlobalSection(ExtensibilityGlobals) = postSolution
		SolutionGuid = {CB8B9E8C-B742-4E8D-B89D-85E53A9911F5}
	EndGlobalSection
EndGlobal
